
Microsoft Visual Studio Solution File, Format Version 12.00
# Visual Studio 15
VisualStudioVersion = 15.0.27428.2037
MinimumVisualStudioVersion = 10.0.40219.1
Project("{FAE04EC0-301F-11D3-BF4B-00C04F79EFBC}") = "DB2Test", "DB2Test\DB2Test.csproj", "{F8CC74B7-891F-492F-8343-23C2AAEF16D3}"
EndProject
Global
	GlobalSection(SolutionConfigurationPlatforms) = preSolution
		Debug|Any CPU = Debug|Any CPU
		Release|Any CPU = Release|Any CPU
	EndGlobalSection
	GlobalSection(ProjectConfigurationPlatforms) = postSolution
		{F8CC74B7-891F-492F-8343-23C2AAEF16D3}.Debug|Any CPU.ActiveCfg = Debug|Any CPU
		{F8CC74B7-891F-492F-8343-23C2AAEF16D3}.Debug|Any CPU.Build.0 = Debug|Any CPU
		{F8CC74B7-891F-492F-8343-23C2AAEF16D3}.Release|Any CPU.ActiveCfg = Release|Any CPU
		{F8CC74B7-891F-492F-8343-23C2AAEF16D3}.Release|Any CPU.Build.0 = Release|Any CPU
	EndGlobalSection
	GlobalSection(SolutionProperties) = preSolution
		HideSolutionNode = FALSE
	EndGlobalSection
	GlobalSection(ExtensibilityGlobals) = postSolution
		SolutionGuid = {DBF016AC-8182-4A90-BD74-0472ECCACC7E}
	EndGlobalSection
EndGlobal
